// !$*UTF8*$!
{
	archiveVersion = 1;
	classes = {
	};
	objectVersion = 56;
	objects = {

/* Begin PBXBuildFile section */
		D6727F9CDA1FED101CCBB452 /* Pods_onepMaker.framework in Frameworks */ = {isa = PBXBuildFile; fileRef = 22F96C226E667FCCAB3A39B3 /* Pods_onepMaker.framework */; };
		F64D71972A3057BA000DA808 /* AppDelegate.swift in Sources */ = {isa = PBXBuildFile; fileRef = F64D71962A3057BA000DA808 /* AppDelegate.swift */; };
		F64D71992A3057BA000DA808 /* SceneDelegate.swift in Sources */ = {isa = PBXBuildFile; fileRef = F64D71982A3057BA000DA808 /* SceneDelegate.swift */; };
		F64D719B2A3057BA000DA808 /* ViewController.swift in Sources */ = {isa = PBXBuildFile; fileRef = F64D719A2A3057BA000DA808 /* ViewController.swift */; };
		F64D719E2A3057BB000DA808 /* Main.storyboard in Resources */ = {isa = PBXBuildFile; fileRef = F64D719C2A3057BB000DA808 /* Main.storyboard */; };
		F64D71A02A3057BE000DA808 /* Assets.xcassets in Resources */ = {isa = PBXBuildFile; fileRef = F64D719F2A3057BE000DA808 /* Assets.xcassets */; };
		F64D71A32A3057BE000DA808 /* LaunchScreen.storyboard in Resources */ = {isa = PBXBuildFile; fileRef = F64D71A12A3057BE000DA808 /* LaunchScreen.storyboard */; };
		F6527D472A31E52A003966AD /* LeadCardViewController.swift in Sources */ = {isa = PBXBuildFile; fileRef = F6527D462A31E52A003966AD /* LeadCardViewController.swift */; };
		F6527D492A324259003966AD /* Button.swift in Sources */ = {isa = PBXBuildFile; fileRef = F6527D482A324259003966AD /* Button.swift */; };
		F6527D4D2A333019003966AD /* CharacterCardListViewController.swift in Sources */ = {isa = PBXBuildFile; fileRef = F6527D4C2A333019003966AD /* CharacterCardListViewController.swift */; };
		F6527D512A339138003966AD /* LeadCardList.json in Resources */ = {isa = PBXBuildFile; fileRef = F6527D502A339138003966AD /* LeadCardList.json */; };
/* End PBXBuildFile section */

/* Begin PBXFileReference section */
		22F96C226E667FCCAB3A39B3 /* Pods_onepMaker.framework */ = {isa = PBXFileReference; explicitFileType = wrapper.framework; includeInIndex = 0; path = Pods_onepMaker.framework; sourceTree = BUILT_PRODUCTS_DIR; };
		3DA1BBF7E8F4FA157DBCA1B7 /* Pods-onepMaker.debug.xcconfig */ = {isa = PBXFileReference; includeInIndex = 1; lastKnownFileType = text.xcconfig; name = "Pods-onepMaker.debug.xcconfig"; path = "Target Support Files/Pods-onepMaker/Pods-onepMaker.debug.xcconfig"; sourceTree = "<group>"; };
		B269C9A1AF599E730E8D92D7 /* Pods-onepMaker.release.xcconfig */ = {isa = PBXFileReference; includeInIndex = 1; lastKnownFileType = text.xcconfig; name = "Pods-onepMaker.release.xcconfig"; path = "Target Support Files/Pods-onepMaker/Pods-onepMaker.release.xcconfig"; sourceTree = "<group>"; };
		F64D71932A3057BA000DA808 /* onepMaker.app */ = {isa = PBXFileReference; explicitFileType = wrapper.application; includeInIndex = 0; path = onepMaker.app; sourceTree = BUILT_PRODUCTS_DIR; };
		F64D71962A3057BA000DA808 /* AppDelegate.swift */ = {isa = PBXFileReference; lastKnownFileType = sourcecode.swift; path = AppDelegate.swift; sourceTree = "<group>"; };
		F64D71982A3057BA000DA808 /* SceneDelegate.swift */ = {isa = PBXFileReference; lastKnownFileType = sourcecode.swift; path = SceneDelegate.swift; sourceTree = "<group>"; };
		F64D719A2A3057BA000DA808 /* ViewController.swift */ = {isa = PBXFileReference; lastKnownFileType = sourcecode.swift; path = ViewController.swift; sourceTree = "<group>"; };
		F64D719D2A3057BB000DA808 /* Base */ = {isa = PBXFileReference; lastKnownFileType = file.storyboard; name = Base; path = Base.lproj/Main.storyboard; sourceTree = "<group>"; };
		F64D719F2A3057BE000DA808 /* Assets.xcassets */ = {isa = PBXFileReference; lastKnownFileType = folder.assetcatalog; path = Assets.xcassets; sourceTree = "<group>"; };
		F64D71A22A3057BE000DA808 /* Base */ = {isa = PBXFileReference; lastKnownFileType = file.storyboard; name = Base; path = Base.lproj/LaunchScreen.storyboard; sourceTree = "<group>"; };
		F64D71A42A3057BE000DA808 /* Info.plist */ = {isa = PBXFileReference; lastKnownFileType = text.plist.xml; path = Info.plist; sourceTree = "<group>"; };
		F6527D462A31E52A003966AD /* LeadCardViewController.swift */ = {isa = PBXFileReference; lastKnownFileType = sourcecode.swift; path = LeadCardViewController.swift; sourceTree = "<group>"; };
		F6527D482A324259003966AD /* Button.swift */ = {isa = PBXFileReference; lastKnownFileType = sourcecode.swift; path = Button.swift; sourceTree = "<group>"; };
		F6527D4C2A333019003966AD /* CharacterCardListViewController.swift */ = {isa = PBXFileReference; lastKnownFileType = sourcecode.swift; path = CharacterCardListViewController.swift; sourceTree = "<group>"; };
		F6527D502A339138003966AD /* LeadCardList.json */ = {isa = PBXFileReference; fileEncoding = 4; lastKnownFileType = text.json; path = LeadCardList.json; sourceTree = "<group>"; };
/* End PBXFileReference section */

/* Begin PBXFrameworksBuildPhase section */
		F64D71902A3057BA000DA808 /* Frameworks */ = {
			isa = PBXFrameworksBuildPhase;
			buildActionMask = 2147483647;
			files = (
				D6727F9CDA1FED101CCBB452 /* Pods_onepMaker.framework in Frameworks */,
			);
			runOnlyForDeploymentPostprocessing = 0;
		};
/* End PBXFrameworksBuildPhase section */

/* Begin PBXGroup section */
		326EC9D811A98542625B5C32 /* Frameworks */ = {
			isa = PBXGroup;
			children = (
				22F96C226E667FCCAB3A39B3 /* Pods_onepMaker.framework */,
			);
			name = Frameworks;
			sourceTree = "<group>";
		};
		9D819B0BBB3F1C0D1D87EE25 /* Pods */ = {
			isa = PBXGroup;
			children = (
				3DA1BBF7E8F4FA157DBCA1B7 /* Pods-onepMaker.debug.xcconfig */,
				B269C9A1AF599E730E8D92D7 /* Pods-onepMaker.release.xcconfig */,
			);
			path = Pods;
			sourceTree = "<group>";
		};
		F64D718A2A3057BA000DA808 = {
			isa = PBXGroup;
			children = (
				F64D71952A3057BA000DA808 /* onepMaker */,
				F64D71942A3057BA000DA808 /* Products */,
				9D819B0BBB3F1C0D1D87EE25 /* Pods */,
				326EC9D811A98542625B5C32 /* Frameworks */,
			);
			sourceTree = "<group>";
		};
		F64D71942A3057BA000DA808 /* Products */ = {
			isa = PBXGroup;
			children = (
				F64D71932A3057BA000DA808 /* onepMaker.app */,
			);
			name = Products;
			sourceTree = "<group>";
		};
		F64D71952A3057BA000DA808 /* onepMaker */ = {
			isa = PBXGroup;
			children = (
				F6527D502A339138003966AD /* LeadCardList.json */,
				F64D71962A3057BA000DA808 /* AppDelegate.swift */,
				F64D71982A3057BA000DA808 /* SceneDelegate.swift */,
				F64D719A2A3057BA000DA808 /* ViewController.swift */,
				F64D719C2A3057BB000DA808 /* Main.storyboard */,
				F64D719F2A3057BE000DA808 /* Assets.xcassets */,
				F64D71A12A3057BE000DA808 /* LaunchScreen.storyboard */,
				F64D71A42A3057BE000DA808 /* Info.plist */,
				F6527D462A31E52A003966AD /* LeadCardViewController.swift */,
				F6527D482A324259003966AD /* Button.swift */,
				F6527D4C2A333019003966AD /* CharacterCardListViewController.swift */,
			);
			path = onepMaker;
			sourceTree = "<group>";
		};
/* End PBXGroup section */

/* Begin PBXNativeTarget section */
		F64D71922A3057BA000DA808 /* onepMaker */ = {
			isa = PBXNativeTarget;
			buildConfigurationList = F64D71A72A3057BE000DA808 /* Build configuration list for PBXNativeTarget "onepMaker" */;
			buildPhases = (
				BCE57A73A3A9C7F21CE773EF /* [CP] Check Pods Manifest.lock */,
				F64D718F2A3057BA000DA808 /* Sources */,
				F64D71902A3057BA000DA808 /* Frameworks */,
				F64D71912A3057BA000DA808 /* Resources */,
			);
			buildRules = (
			);
			dependencies = (
			);
			name = onepMaker;
			productName = onepMaker;
			productReference = F64D71932A3057BA000DA808 /* onepMaker.app */;
			productType = "com.apple.product-type.application";
		};
/* End PBXNativeTarget section */

/* Begin PBXProject section */
		F64D718B2A3057BA000DA808 /* Project object */ = {
			isa = PBXProject;
			attributes = {
				BuildIndependentTargetsInParallel = 1;
				LastSwiftUpdateCheck = 1430;
				LastUpgradeCheck = 1430;
				TargetAttributes = {
					F64D71922A3057BA000DA808 = {
						CreatedOnToolsVersion = 14.3;
					};
				};
			};
			buildConfigurationList = F64D718E2A3057BA000DA808 /* Build configuration list for PBXProject "onepMaker" */;
			compatibilityVersion = "Xcode 14.0";
			developmentRegion = en;
			hasScannedForEncodings = 0;
			knownRegions = (
				en,
				Base,
			);
			mainGroup = F64D718A2A3057BA000DA808;
			productRefGroup = F64D71942A3057BA000DA808 /* Products */;
			projectDirPath = "";
			projectRoot = "";
			targets = (
				F64D71922A3057BA000DA808 /* onepMaker */,
			);
		};
/* End PBXProject section */

/* Begin PBXResourcesBuildPhase section */
		F64D71912A3057BA000DA808 /* Resources */ = {
			isa = PBXResourcesBuildPhase;
			buildActionMask = 2147483647;
			files = (
				F64D71A32A3057BE000DA808 /* LaunchScreen.storyboard in Resources */,
				F6527D512A339138003966AD /* LeadCardList.json in Resources */,
				F64D71A02A3057BE000DA808 /* Assets.xcassets in Resources */,
				F64D719E2A3057BB000DA808 /* Main.storyboard in Resources */,
			);
			runOnlyForDeploymentPostprocessing = 0;
		};
/* End PBXResourcesBuildPhase section */

/* Begin PBXShellScriptBuildPhase section */
		BCE57A73A3A9C7F21CE773EF /* [CP] Check Pods Manifest.lock */ = {
			isa = PBXShellScriptBuildPhase;
			buildActionMask = 2147483647;
			files = (
			);
			inputFileListPaths = (
			);
			inputPaths = (
				"${PODS_PODFILE_DIR_PATH}/Podfile.lock",
				"${PODS_ROOT}/Manifest.lock",
			);
			name = "[CP] Check Pods Manifest.lock";
			outputFileListPaths = (
			);
			outputPaths = (
				"$(DERIVED_FILE_DIR)/Pods-onepMaker-checkManifestLockResult.txt",
			);
			runOnlyForDeploymentPostprocessing = 0;
			shellPath = /bin/sh;
			shellScript = "diff \"${PODS_PODFILE_DIR_PATH}/Podfile.lock\" \"${PODS_ROOT}/Manifest.lock\" > /dev/null\nif [ $? != 0 ] ; then\n    # print error to STDERR\n    echo \"error: The sandbox is not in sync with the Podfile.lock. Run 'pod install' or update your CocoaPods installation.\" >&2\n    exit 1\nfi\n# This output is used by Xcode 'outputs' to avoid re-running this script phase.\necho \"SUCCESS\" > \"${SCRIPT_OUTPUT_FILE_0}\"\n";
			showEnvVarsInLog = 0;
		};
/* End PBXShellScriptBuildPhase section */

/* Begin PBXSourcesBuildPhase section */
		F64D718F2A3057BA000DA808 /* Sources */ = {
			isa = PBXSourcesBuildPhase;
			buildActionMask = 2147483647;
			files = (
				F6527D492A324259003966AD /* Button.swift in Sources */,
				F64D719B2A3057BA000DA808 /* ViewController.swift in Sources */,
				F6527D4D2A333019003966AD /* CharacterCardListViewController.swift in Sources */,
				F64D71972A3057BA000DA808 /* AppDelegate.swift in Sources */,
				F6527D472A31E52A003966AD /* LeadCardViewController.swift in Sources */,
				F64D71992A3057BA000DA808 /* SceneDelegate.swift in Sources */,
			);
			runOnlyForDeploymentPostprocessing = 0;
		};
/* End PBXSourcesBuildPhase section */

/* Begin PBXVariantGroup section */
		F64D719C2A3057BB000DA808 /* Main.storyboard */ = {
			isa = PBXVariantGroup;
			children = (
				F64D719D2A3057BB000DA808 /* Base */,
			);
			name = Main.storyboard;
			sourceTree = "<group>";
		};
		F64D71A12A3057BE000DA808 /* LaunchScreen.storyboard */ = {
			isa = PBXVariantGroup;
			children = (
				F64D71A22A3057BE000DA808 /* Base */,
			);
			name = LaunchScreen.storyboard;
			sourceTree = "<group>";
		};
/* End PBXVariantGroup section */

/* Begin XCBuildConfiguration section */
		F64D71A52A3057BE000DA808 /* Debug */ = {
			isa = XCBuildConfiguration;
			buildSettings = {
				ALWAYS_SEARCH_USER_PATHS = NO;
				CLANG_ANALYZER_NONNULL = YES;
				CLANG_ANALYZER_NUMBER_OBJECT_CONVERSION = YES_AGGRESSIVE;
				CLANG_CXX_LANGUAGE_STANDARD = "gnu++20";
				CLANG_ENABLE_MODULES = YES;
				CLANG_ENABLE_OBJC_ARC = YES;
				CLANG_ENABLE_OBJC_WEAK = YES;
				CLANG_WARN_BLOCK_CAPTURE_AUTORELEASING = YES;
				CLANG_WARN_BOOL_CONVERSION = YES;
				CLANG_WARN_COMMA = YES;
				CLANG_WARN_CONSTANT_CONVERSION = YES;
				CLANG_WARN_DEPRECATED_OBJC_IMPLEMENTATIONS = YES;
				CLANG_WARN_DIRECT_OBJC_ISA_USAGE = YES_ERROR;
				CLANG_WARN_DOCUMENTATION_COMMENTS = YES;
				CLANG_WARN_EMPTY_BODY = YES;
				CLANG_WARN_ENUM_CONVERSION = YES;
				CLANG_WARN_INFINITE_RECURSION = YES;
				CLANG_WARN_INT_CONVERSION = YES;
				CLANG_WARN_NON_LITERAL_NULL_CONVERSION = YES;
				CLANG_WARN_OBJC_IMPLICIT_RETAIN_SELF = YES;
				CLANG_WARN_OBJC_LITERAL_CONVERSION = YES;
				CLANG_WARN_OBJC_ROOT_CLASS = YES_ERROR;
				CLANG_WARN_QUOTED_INCLUDE_IN_FRAMEWORK_HEADER = YES;
				CLANG_WARN_RANGE_LOOP_ANALYSIS = YES;
				CLANG_WARN_STRICT_PROTOTYPES = YES;
				CLANG_WARN_SUSPICIOUS_MOVE = YES;
				CLANG_WARN_UNGUARDED_AVAILABILITY = YES_AGGRESSIVE;
				CLANG_WARN_UNREACHABLE_CODE = YES;
				CLANG_WARN__DUPLICATE_METHOD_MATCH = YES;
				COPY_PHASE_STRIP = NO;
				DEBUG_INFORMATION_FORMAT = dwarf;
				ENABLE_STRICT_OBJC_MSGSEND = YES;
				ENABLE_TESTABILITY = YES;
				GCC_C_LANGUAGE_STANDARD = gnu11;
				GCC_DYNAMIC_NO_PIC = NO;
				GCC_NO_COMMON_BLOCKS = YES;
				GCC_OPTIMIZATION_LEVEL = 0;
				GCC_PREPROCESSOR_DEFINITIONS = (
					"DEBUG=1",
					"$(inherited)",
				);
				GCC_WARN_64_TO_32_BIT_CONVERSION = YES;
				GCC_WARN_ABOUT_RETURN_TYPE = YES_ERROR;
				GCC_WARN_UNDECLARED_SELECTOR = YES;
				GCC_WARN_UNINITIALIZED_AUTOS = YES_AGGRESSIVE;
				GCC_WARN_UNUSED_FUNCTION = YES;
				GCC_WARN_UNUSED_VARIABLE = YES;
				IPHONEOS_DEPLOYMENT_TARGET = 13.0;
				MTL_ENABLE_DEBUG_INFO = INCLUDE_SOURCE;
				MTL_FAST_MATH = YES;
				ONLY_ACTIVE_ARCH = YES;
				SDKROOT = iphoneos;
				SWIFT_ACTIVE_COMPILATION_CONDITIONS = DEBUG;
				SWIFT_OPTIMIZATION_LEVEL = "-Onone";
			};
			name = Debug;
		};
		F64D71A62A3057BE000DA808 /* Release */ = {
			isa = XCBuildConfiguration;
			buildSettings = {
				ALWAYS_SEARCH_USER_PATHS = NO;
				CLANG_ANALYZER_NONNULL = YES;
				CLANG_ANALYZER_NUMBER_OBJECT_CONVERSION = YES_AGGRESSIVE;
				CLANG_CXX_LANGUAGE_STANDARD = "gnu++20";
				CLANG_ENABLE_MODULES = YES;
				CLANG_ENABLE_OBJC_ARC = YES;
				CLANG_ENABLE_OBJC_WEAK = YES;
				CLANG_WARN_BLOCK_CAPTURE_AUTORELEASING = YES;
				CLANG_WARN_BOOL_CONVERSION = YES;
				CLANG_WARN_COMMA = YES;
				CLANG_WARN_CONSTANT_CONVERSION = YES;
				CLANG_WARN_DEPRECATED_OBJC_IMPLEMENTATIONS = YES;
				CLANG_WARN_DIRECT_OBJC_ISA_USAGE = YES_ERROR;
				CLANG_WARN_DOCUMENTATION_COMMENTS = YES;
				CLANG_WARN_EMPTY_BODY = YES;
				CLANG_WARN_ENUM_CONVERSION = YES;
				CLANG_WARN_INFINITE_RECURSION = YES;
				CLANG_WARN_INT_CONVERSION = YES;
				CLANG_WARN_NON_LITERAL_NULL_CONVERSION = YES;
				CLANG_WARN_OBJC_IMPLICIT_RETAIN_SELF = YES;
				CLANG_WARN_OBJC_LITERAL_CONVERSION = YES;
				CLANG_WARN_OBJC_ROOT_CLASS = YES_ERROR;
				CLANG_WARN_QUOTED_INCLUDE_IN_FRAMEWORK_HEADER = YES;
				CLANG_WARN_RANGE_LOOP_ANALYSIS = YES;
				CLANG_WARN_STRICT_PROTOTYPES = YES;
				CLANG_WARN_SUSPICIOUS_MOVE = YES;
				CLANG_WARN_UNGUARDED_AVAILABILITY = YES_AGGRESSIVE;
				CLANG_WARN_UNREACHABLE_CODE = YES;
				CLANG_WARN__DUPLICATE_METHOD_MATCH = YES;
				COPY_PHASE_STRIP = NO;
				DEBUG_INFORMATION_FORMAT = "dwarf-with-dsym";
				ENABLE_NS_ASSERTIONS = NO;
				ENABLE_STRICT_OBJC_MSGSEND = YES;
				GCC_C_LANGUAGE_STANDARD = gnu11;
				GCC_NO_COMMON_BLOCKS = YES;
				GCC_WARN_64_TO_32_BIT_CONVERSION = YES;
				GCC_WARN_ABOUT_RETURN_TYPE = YES_ERROR;
				GCC_WARN_UNDECLARED_SELECTOR = YES;
				GCC_WARN_UNINITIALIZED_AUTOS = YES_AGGRESSIVE;
				GCC_WARN_UNUSED_FUNCTION = YES;
				GCC_WARN_UNUSED_VARIABLE = YES;
				IPHONEOS_DEPLOYMENT_TARGET = 13.0;
				MTL_ENABLE_DEBUG_INFO = NO;
				MTL_FAST_MATH = YES;
				SDKROOT = iphoneos;
				SWIFT_COMPILATION_MODE = wholemodule;
				SWIFT_OPTIMIZATION_LEVEL = "-O";
				VALIDATE_PRODUCT = YES;
			};
			name = Release;
		};
		F64D71A82A3057BE000DA808 /* Debug */ = {
			isa = XCBuildConfiguration;
			baseConfigurationReference = 3DA1BBF7E8F4FA157DBCA1B7 /* Pods-onepMaker.debug.xcconfig */;
			buildSettings = {
				ASSETCATALOG_COMPILER_APPICON_NAME = AppIcon;
				ASSETCATALOG_COMPILER_GLOBAL_ACCENT_COLOR_NAME = AccentColor;
				CODE_SIGN_STYLE = Automatic;
				CURRENT_PROJECT_VERSION = 1;
				DEVELOPMENT_TEAM = GVCNFTUVQC;
				GENERATE_INFOPLIST_FILE = YES;
				INFOPLIST_FILE = onepMaker/Info.plist;
				INFOPLIST_KEY_UIApplicationSupportsIndirectInputEvents = YES;
				INFOPLIST_KEY_UILaunchStoryboardName = LaunchScreen;
				INFOPLIST_KEY_UIMainStoryboardFile = Main;
				INFOPLIST_KEY_UISupportedInterfaceOrientations_iPad = "UIInterfaceOrientationPortrait UIInterfaceOrientationPortraitUpsideDown UIInterfaceOrientationLandscapeLeft UIInterfaceOrientationLandscapeRight";
				INFOPLIST_KEY_UISupportedInterfaceOrientations_iPhone = "UIInterfaceOrientationPortrait UIInterfaceOrientationLandscapeLeft UIInterfaceOrientationLandscapeRight";
				IPHONEOS_DEPLOYMENT_TARGET = 13.0;
				LD_RUNPATH_SEARCH_PATHS = (
					"$(inherited)",
					"@executable_path/Frameworks",
				);
				MARKETING_VERSION = 1.0;
				PRODUCT_BUNDLE_IDENTIFIER = com.chihiro.onepMaker;
				PRODUCT_NAME = "$(TARGET_NAME)";
				SUPPORTED_PLATFORMS = "iphoneos iphonesimulator";
				SUPPORTS_MACCATALYST = NO;
				SUPPORTS_MAC_DESIGNED_FOR_IPHONE_IPAD = NO;
				SWIFT_EMIT_LOC_STRINGS = YES;
				SWIFT_VERSION = 5.0;
				TARGETED_DEVICE_FAMILY = 1;
			};
			name = Debug;
		};
		F64D71A92A3057BE000DA808 /* Release */ = {
			isa = XCBuildConfiguration;
			baseConfigurationReference = B269C9A1AF599E730E8D92D7 /* Pods-onepMaker.release.xcconfig */;
			buildSettings = {
				ASSETCATALOG_COMPILER_APPICON_NAME = AppIcon;
				ASSETCATALOG_COMPILER_GLOBAL_ACCENT_COLOR_NAME = AccentColor;
				CODE_SIGN_STYLE = Automatic;
				CURRENT_PROJECT_VERSION = 1;
				DEVELOPMENT_TEAM = GVCNFTUVQC;
				GENERATE_INFOPLIST_FILE = YES;
				INFOPLIST_FILE = onepMaker/Info.plist;
				INFOPLIST_KEY_UIApplicationSupportsIndirectInputEvents = YES;
				INFOPLIST_KEY_UILaunchStoryboardName = LaunchScreen;
				INFOPLIST_KEY_UIMainStoryboardFile = Main;
				INFOPLIST_KEY_UISupportedInterfaceOrientations_iPad = "UIInterfaceOrientationPortrait UIInterfaceOrientationPortraitUpsideDown UIInterfaceOrientationLandscapeLeft UIInterfaceOrientationLandscapeRight";
				INFOPLIST_KEY_UISupportedInterfaceOrientations_iPhone = "UIInterfaceOrientationPortrait UIInterfaceOrientationLandscapeLeft UIInterfaceOrientationLandscapeRight";
				IPHONEOS_DEPLOYMENT_TARGET = 13.0;
				LD_RUNPATH_SEARCH_PATHS = (
					"$(inherited)",
					"@executable_path/Frameworks",
				);
				MARKETING_VERSION = 1.0;
				PRODUCT_BUNDLE_IDENTIFIER = com.chihiro.onepMaker;
				PRODUCT_NAME = "$(TARGET_NAME)";
				SUPPORTED_PLATFORMS = "iphoneos iphonesimulator";
				SUPPORTS_MACCATALYST = NO;
				SUPPORTS_MAC_DESIGNED_FOR_IPHONE_IPAD = NO;
				SWIFT_EMIT_LOC_STRINGS = YES;
				SWIFT_VERSION = 5.0;
				TARGETED_DEVICE_FAMILY = 1;
			};
			name = Release;
		};
/* End XCBuildConfiguration section */

/* Begin XCConfigurationList section */
		F64D718E2A3057BA000DA808 /* Build configuration list for PBXProject "onepMaker" */ = {
			isa = XCConfigurationList;
			buildConfigurations = (
				F64D71A52A3057BE000DA808 /* Debug */,
				F64D71A62A3057BE000DA808 /* Release */,
			);
			defaultConfigurationIsVisible = 0;
			defaultConfigurationName = Release;
		};
		F64D71A72A3057BE000DA808 /* Build configuration list for PBXNativeTarget "onepMaker" */ = {
			isa = XCConfigurationList;
			buildConfigurations = (
				F64D71A82A3057BE000DA808 /* Debug */,
				F64D71A92A3057BE000DA808 /* Release */,
			);
			defaultConfigurationIsVisible = 0;
			defaultConfigurationName = Release;
		};
/* End XCConfigurationList section */
	};
	rootObject = F64D718B2A3057BA000DA808 /* Project object */;
}
